
Microsoft Visual Studio Solution File, Format Version 12.00
# Visual Studio Version 16
VisualStudioVersion = 16.0.30907.101
MinimumVisualStudioVersion = 10.0.40219.1
Project("{9A19103F-16F7-4668-BE54-9A1E7A4F7556}") = "ZDC.Blazor", "ZDC.Blazor\ZDC.Blazor.csproj", "{58A4B274-BF58-48DF-93F6-2C52107D1667}"
EndProject
Project("{2150E333-8FDC-42A3-9474-1A3956D46DE8}") = "Solution Items", "Solution Items", "{4441C5D3-EDE7-4865-9659-E69BB3ACD9F8}"
	ProjectSection(SolutionItems) = preProject
		.gitignore = .gitignore
		.github\workflows\build.yml = .github\workflows\build.yml
		deploy.sh = deploy.sh
		.github\workflows\deploy.yml = .github\workflows\deploy.yml
		LICENSE.md = LICENSE.md
		README.md = README.md
	EndProjectSection
EndProject
Global
	GlobalSection(SolutionConfigurationPlatforms) = preSolution
		Debug|Any CPU = Debug|Any CPU
		Release|Any CPU = Release|Any CPU
	EndGlobalSection
	GlobalSection(ProjectConfigurationPlatforms) = postSolution
		{58A4B274-BF58-48DF-93F6-2C52107D1667}.Debug|Any CPU.ActiveCfg = Debug|Any CPU
		{58A4B274-BF58-48DF-93F6-2C52107D1667}.Debug|Any CPU.Build.0 = Debug|Any CPU
		{58A4B274-BF58-48DF-93F6-2C52107D1667}.Release|Any CPU.ActiveCfg = Release|Any CPU
		{58A4B274-BF58-48DF-93F6-2C52107D1667}.Release|Any CPU.Build.0 = Release|Any CPU
	EndGlobalSection
	GlobalSection(SolutionProperties) = preSolution
		HideSolutionNode = FALSE
	EndGlobalSection
	GlobalSection(ExtensibilityGlobals) = postSolution
		SolutionGuid = {333FFC6B-70A2-43D3-B5E5-D214DF1A2D44}
	EndGlobalSection
EndGlobal
